
Microsoft Visual Studio Solution File, Format Version 12.00
# Visual Studio Version 16
VisualStudioVersion = 16.0.34601.136
MinimumVisualStudioVersion = 10.0.40219.1
Project("{FAE04EC0-301F-11D3-BF4B-00C04F79EFBC}") = "CicloForeach", "CicloForeach\CicloForeach.csproj", "{27C92FBC-0533-416C-9270-EB648F53BA40}"
EndProject
Global
	GlobalSection(SolutionConfigurationPlatforms) = preSolution
		Debug|Any CPU = Debug|Any CPU
		Release|Any CPU = Release|Any CPU
	EndGlobalSection
	GlobalSection(ProjectConfigurationPlatforms) = postSolution
		{27C92FBC-0533-416C-9270-EB648F53BA40}.Debug|Any CPU.ActiveCfg = Debug|Any CPU
		{27C92FBC-0533-416C-9270-EB648F53BA40}.Debug|Any CPU.Build.0 = Debug|Any CPU
		{27C92FBC-0533-416C-9270-EB648F53BA40}.Release|Any CPU.ActiveCfg = Release|Any CPU
		{27C92FBC-0533-416C-9270-EB648F53BA40}.Release|Any CPU.Build.0 = Release|Any CPU
	EndGlobalSection
	GlobalSection(SolutionProperties) = preSolution
		HideSolutionNode = FALSE
	EndGlobalSection
	GlobalSection(ExtensibilityGlobals) = postSolution
		SolutionGuid = {5DB0B0D8-E3D9-4368-8DA5-0D69E40E9799}
	EndGlobalSection
EndGlobal
