
Microsoft Visual Studio Solution File, Format Version 12.00
# Visual Studio Version 16
VisualStudioVersion = 16.0.34601.136
MinimumVisualStudioVersion = 10.0.40219.1
Project("{FAE04EC0-301F-11D3-BF4B-00C04F79EFBC}") = "Actividad2", "Actividad2\Actividad2.csproj", "{37FFB624-0434-4782-B324-1285031749FB}"
EndProject
Global
	GlobalSection(SolutionConfigurationPlatforms) = preSolution
		Debug|Any CPU = Debug|Any CPU
		Release|Any CPU = Release|Any CPU
	EndGlobalSection
	GlobalSection(ProjectConfigurationPlatforms) = postSolution
		{37FFB624-0434-4782-B324-1285031749FB}.Debug|Any CPU.ActiveCfg = Debug|Any CPU
		{37FFB624-0434-4782-B324-1285031749FB}.Debug|Any CPU.Build.0 = Debug|Any CPU
		{37FFB624-0434-4782-B324-1285031749FB}.Release|Any CPU.ActiveCfg = Release|Any CPU
		{37FFB624-0434-4782-B324-1285031749FB}.Release|Any CPU.Build.0 = Release|Any CPU
	EndGlobalSection
	GlobalSection(SolutionProperties) = preSolution
		HideSolutionNode = FALSE
	EndGlobalSection
	GlobalSection(ExtensibilityGlobals) = postSolution
		SolutionGuid = {BB514F4B-5A24-4710-B2E9-8AD8DB21F194}
	EndGlobalSection
EndGlobal
