
Microsoft Visual Studio Solution File, Format Version 12.00
# Visual Studio Version 16
VisualStudioVersion = 16.0.34601.136
MinimumVisualStudioVersion = 10.0.40219.1
Project("{FAE04EC0-301F-11D3-BF4B-00C04F79EFBC}") = "Actividad5", "Actividad5\Actividad5.csproj", "{AADC80AE-4146-4F61-A3B2-261D4A0F7145}"
EndProject
Global
	GlobalSection(SolutionConfigurationPlatforms) = preSolution
		Debug|Any CPU = Debug|Any CPU
		Release|Any CPU = Release|Any CPU
	EndGlobalSection
	GlobalSection(ProjectConfigurationPlatforms) = postSolution
		{AADC80AE-4146-4F61-A3B2-261D4A0F7145}.Debug|Any CPU.ActiveCfg = Debug|Any CPU
		{AADC80AE-4146-4F61-A3B2-261D4A0F7145}.Debug|Any CPU.Build.0 = Debug|Any CPU
		{AADC80AE-4146-4F61-A3B2-261D4A0F7145}.Release|Any CPU.ActiveCfg = Release|Any CPU
		{AADC80AE-4146-4F61-A3B2-261D4A0F7145}.Release|Any CPU.Build.0 = Release|Any CPU
	EndGlobalSection
	GlobalSection(SolutionProperties) = preSolution
		HideSolutionNode = FALSE
	EndGlobalSection
	GlobalSection(ExtensibilityGlobals) = postSolution
		SolutionGuid = {B54D61E6-C8E7-4ED3-A175-D31CD80FBF8F}
	EndGlobalSection
EndGlobal
