
Microsoft Visual Studio Solution File, Format Version 12.00
# Visual Studio Version 16
VisualStudioVersion = 16.0.33801.447
MinimumVisualStudioVersion = 10.0.40219.1
Project("{F184B08F-C81C-45F6-A57F-5ABD9991F28F}") = "ControlUsuario", "ControlUsuario\ControlUsuario.vbproj", "{578E9BD9-C7F2-4B97-ACB5-E2DFCB8F3E24}"
EndProject
Global
	GlobalSection(SolutionConfigurationPlatforms) = preSolution
		Debug|Any CPU = Debug|Any CPU
		Release|Any CPU = Release|Any CPU
	EndGlobalSection
	GlobalSection(ProjectConfigurationPlatforms) = postSolution
		{578E9BD9-C7F2-4B97-ACB5-E2DFCB8F3E24}.Debug|Any CPU.ActiveCfg = Debug|Any CPU
		{578E9BD9-C7F2-4B97-ACB5-E2DFCB8F3E24}.Debug|Any CPU.Build.0 = Debug|Any CPU
		{578E9BD9-C7F2-4B97-ACB5-E2DFCB8F3E24}.Release|Any CPU.ActiveCfg = Release|Any CPU
		{578E9BD9-C7F2-4B97-ACB5-E2DFCB8F3E24}.Release|Any CPU.Build.0 = Release|Any CPU
	EndGlobalSection
	GlobalSection(SolutionProperties) = preSolution
		HideSolutionNode = FALSE
	EndGlobalSection
	GlobalSection(ExtensibilityGlobals) = postSolution
		SolutionGuid = {88F0C8FA-180A-4700-A92A-C14AE00D99A3}
	EndGlobalSection
EndGlobal
