
Microsoft Visual Studio Solution File, Format Version 12.00
# Visual Studio Version 16
VisualStudioVersion = 16.0.34601.136
MinimumVisualStudioVersion = 10.0.40219.1
Project("{FAE04EC0-301F-11D3-BF4B-00C04F79EFBC}") = "CicloFor", "CicloFor\CicloFor.csproj", "{2546B8C3-7A4F-4A85-A3AC-9A3192EAE72D}"
EndProject
Global
	GlobalSection(SolutionConfigurationPlatforms) = preSolution
		Debug|Any CPU = Debug|Any CPU
		Release|Any CPU = Release|Any CPU
	EndGlobalSection
	GlobalSection(ProjectConfigurationPlatforms) = postSolution
		{2546B8C3-7A4F-4A85-A3AC-9A3192EAE72D}.Debug|Any CPU.ActiveCfg = Debug|Any CPU
		{2546B8C3-7A4F-4A85-A3AC-9A3192EAE72D}.Debug|Any CPU.Build.0 = Debug|Any CPU
		{2546B8C3-7A4F-4A85-A3AC-9A3192EAE72D}.Release|Any CPU.ActiveCfg = Release|Any CPU
		{2546B8C3-7A4F-4A85-A3AC-9A3192EAE72D}.Release|Any CPU.Build.0 = Release|Any CPU
	EndGlobalSection
	GlobalSection(SolutionProperties) = preSolution
		HideSolutionNode = FALSE
	EndGlobalSection
	GlobalSection(ExtensibilityGlobals) = postSolution
		SolutionGuid = {1FFAC2CB-632A-4451-A2C9-EBF6791E7AF5}
	EndGlobalSection
EndGlobal
