
Microsoft Visual Studio Solution File, Format Version 12.00
# Visual Studio Version 16
VisualStudioVersion = 16.0.33801.447
MinimumVisualStudioVersion = 10.0.40219.1
Project("{F184B08F-C81C-45F6-A57F-5ABD9991F28F}") = "ejercicio5", "ejercicio5\ejercicio5.vbproj", "{B96B693E-6314-47B6-A3ED-2461E90ABC64}"
EndProject
Global
	GlobalSection(SolutionConfigurationPlatforms) = preSolution
		Debug|Any CPU = Debug|Any CPU
		Release|Any CPU = Release|Any CPU
	EndGlobalSection
	GlobalSection(ProjectConfigurationPlatforms) = postSolution
		{B96B693E-6314-47B6-A3ED-2461E90ABC64}.Debug|Any CPU.ActiveCfg = Debug|Any CPU
		{B96B693E-6314-47B6-A3ED-2461E90ABC64}.Debug|Any CPU.Build.0 = Debug|Any CPU
		{B96B693E-6314-47B6-A3ED-2461E90ABC64}.Release|Any CPU.ActiveCfg = Release|Any CPU
		{B96B693E-6314-47B6-A3ED-2461E90ABC64}.Release|Any CPU.Build.0 = Release|Any CPU
	EndGlobalSection
	GlobalSection(SolutionProperties) = preSolution
		HideSolutionNode = FALSE
	EndGlobalSection
	GlobalSection(ExtensibilityGlobals) = postSolution
		SolutionGuid = {2B5B00BF-4E7C-44CE-802C-0D10FDAEA0B3}
	EndGlobalSection
EndGlobal
