
Microsoft Visual Studio Solution File, Format Version 12.00
# Visual Studio Version 16
VisualStudioVersion = 16.0.34601.136
MinimumVisualStudioVersion = 10.0.40219.1
Project("{FAE04EC0-301F-11D3-BF4B-00C04F79EFBC}") = "IngresoTeclado", "IngresoTeclado\IngresoTeclado.csproj", "{6E235AC5-A242-41C6-A07F-A4A47F3283BC}"
EndProject
Global
	GlobalSection(SolutionConfigurationPlatforms) = preSolution
		Debug|Any CPU = Debug|Any CPU
		Release|Any CPU = Release|Any CPU
	EndGlobalSection
	GlobalSection(ProjectConfigurationPlatforms) = postSolution
		{6E235AC5-A242-41C6-A07F-A4A47F3283BC}.Debug|Any CPU.ActiveCfg = Debug|Any CPU
		{6E235AC5-A242-41C6-A07F-A4A47F3283BC}.Debug|Any CPU.Build.0 = Debug|Any CPU
		{6E235AC5-A242-41C6-A07F-A4A47F3283BC}.Release|Any CPU.ActiveCfg = Release|Any CPU
		{6E235AC5-A242-41C6-A07F-A4A47F3283BC}.Release|Any CPU.Build.0 = Release|Any CPU
	EndGlobalSection
	GlobalSection(SolutionProperties) = preSolution
		HideSolutionNode = FALSE
	EndGlobalSection
	GlobalSection(ExtensibilityGlobals) = postSolution
		SolutionGuid = {D9EF7068-FFC8-4787-9CFB-A5BDB23B0115}
	EndGlobalSection
EndGlobal
