
Microsoft Visual Studio Solution File, Format Version 12.00
# Visual Studio Version 16
VisualStudioVersion = 16.0.34601.136
MinimumVisualStudioVersion = 10.0.40219.1
Project("{FAE04EC0-301F-11D3-BF4B-00C04F79EFBC}") = "Actividad3", "Actividad3\Actividad3.csproj", "{27F18B7D-66EC-4D1E-91ED-65F896F84B04}"
EndProject
Global
	GlobalSection(SolutionConfigurationPlatforms) = preSolution
		Debug|Any CPU = Debug|Any CPU
		Release|Any CPU = Release|Any CPU
	EndGlobalSection
	GlobalSection(ProjectConfigurationPlatforms) = postSolution
		{27F18B7D-66EC-4D1E-91ED-65F896F84B04}.Debug|Any CPU.ActiveCfg = Debug|Any CPU
		{27F18B7D-66EC-4D1E-91ED-65F896F84B04}.Debug|Any CPU.Build.0 = Debug|Any CPU
		{27F18B7D-66EC-4D1E-91ED-65F896F84B04}.Release|Any CPU.ActiveCfg = Release|Any CPU
		{27F18B7D-66EC-4D1E-91ED-65F896F84B04}.Release|Any CPU.Build.0 = Release|Any CPU
	EndGlobalSection
	GlobalSection(SolutionProperties) = preSolution
		HideSolutionNode = FALSE
	EndGlobalSection
	GlobalSection(ExtensibilityGlobals) = postSolution
		SolutionGuid = {EAE0C4FE-A85D-454D-94DD-F987D7B60E5C}
	EndGlobalSection
EndGlobal
