
Microsoft Visual Studio Solution File, Format Version 12.00
# Visual Studio Version 16
VisualStudioVersion = 16.0.34601.136
MinimumVisualStudioVersion = 10.0.40219.1
Project("{FAE04EC0-301F-11D3-BF4B-00C04F79EFBC}") = "Actividad4", "Actividad4\Actividad4.csproj", "{9C960771-74A4-41FA-B72D-9839E3D8D99E}"
EndProject
Global
	GlobalSection(SolutionConfigurationPlatforms) = preSolution
		Debug|Any CPU = Debug|Any CPU
		Release|Any CPU = Release|Any CPU
	EndGlobalSection
	GlobalSection(ProjectConfigurationPlatforms) = postSolution
		{9C960771-74A4-41FA-B72D-9839E3D8D99E}.Debug|Any CPU.ActiveCfg = Debug|Any CPU
		{9C960771-74A4-41FA-B72D-9839E3D8D99E}.Debug|Any CPU.Build.0 = Debug|Any CPU
		{9C960771-74A4-41FA-B72D-9839E3D8D99E}.Release|Any CPU.ActiveCfg = Release|Any CPU
		{9C960771-74A4-41FA-B72D-9839E3D8D99E}.Release|Any CPU.Build.0 = Release|Any CPU
	EndGlobalSection
	GlobalSection(SolutionProperties) = preSolution
		HideSolutionNode = FALSE
	EndGlobalSection
	GlobalSection(ExtensibilityGlobals) = postSolution
		SolutionGuid = {17BFCD4D-7F1E-4C2B-897B-DAD3B421CA29}
	EndGlobalSection
EndGlobal
