
Microsoft Visual Studio Solution File, Format Version 12.00
# Visual Studio Version 16
VisualStudioVersion = 16.0.34601.136
MinimumVisualStudioVersion = 10.0.40219.1
Project("{FAE04EC0-301F-11D3-BF4B-00C04F79EFBC}") = "Actividad2", "Actividad2\Actividad2.csproj", "{CEF2B5ED-72AB-4AF1-BBC2-127AF9719002}"
EndProject
Global
	GlobalSection(SolutionConfigurationPlatforms) = preSolution
		Debug|Any CPU = Debug|Any CPU
		Release|Any CPU = Release|Any CPU
	EndGlobalSection
	GlobalSection(ProjectConfigurationPlatforms) = postSolution
		{CEF2B5ED-72AB-4AF1-BBC2-127AF9719002}.Debug|Any CPU.ActiveCfg = Debug|Any CPU
		{CEF2B5ED-72AB-4AF1-BBC2-127AF9719002}.Debug|Any CPU.Build.0 = Debug|Any CPU
		{CEF2B5ED-72AB-4AF1-BBC2-127AF9719002}.Release|Any CPU.ActiveCfg = Release|Any CPU
		{CEF2B5ED-72AB-4AF1-BBC2-127AF9719002}.Release|Any CPU.Build.0 = Release|Any CPU
	EndGlobalSection
	GlobalSection(SolutionProperties) = preSolution
		HideSolutionNode = FALSE
	EndGlobalSection
	GlobalSection(ExtensibilityGlobals) = postSolution
		SolutionGuid = {443CEB1A-0C4D-43A8-9F9E-4D5FD1766026}
	EndGlobalSection
EndGlobal
