
Microsoft Visual Studio Solution File, Format Version 12.00
# Visual Studio Version 16
VisualStudioVersion = 16.0.33801.447
MinimumVisualStudioVersion = 10.0.40219.1
Project("{F184B08F-C81C-45F6-A57F-5ABD9991F28F}") = "Empleado", "Empleado\Empleado.vbproj", "{3F17C561-F5B9-47B7-9DB3-1B5C25001A81}"
EndProject
Global
	GlobalSection(SolutionConfigurationPlatforms) = preSolution
		Debug|Any CPU = Debug|Any CPU
		Release|Any CPU = Release|Any CPU
	EndGlobalSection
	GlobalSection(ProjectConfigurationPlatforms) = postSolution
		{3F17C561-F5B9-47B7-9DB3-1B5C25001A81}.Debug|Any CPU.ActiveCfg = Debug|Any CPU
		{3F17C561-F5B9-47B7-9DB3-1B5C25001A81}.Debug|Any CPU.Build.0 = Debug|Any CPU
		{3F17C561-F5B9-47B7-9DB3-1B5C25001A81}.Release|Any CPU.ActiveCfg = Release|Any CPU
		{3F17C561-F5B9-47B7-9DB3-1B5C25001A81}.Release|Any CPU.Build.0 = Release|Any CPU
	EndGlobalSection
	GlobalSection(SolutionProperties) = preSolution
		HideSolutionNode = FALSE
	EndGlobalSection
	GlobalSection(ExtensibilityGlobals) = postSolution
		SolutionGuid = {CF59BBE5-63DF-4696-A443-4B176BB0CF33}
	EndGlobalSection
EndGlobal
