
Microsoft Visual Studio Solution File, Format Version 12.00
# Visual Studio Version 16
VisualStudioVersion = 16.0.33801.447
MinimumVisualStudioVersion = 10.0.40219.1
Project("{F184B08F-C81C-45F6-A57F-5ABD9991F28F}") = "actividad2", "actividad2\actividad2.vbproj", "{7A00544E-E790-4F81-B84B-2E7A106BA2C2}"
EndProject
Global
	GlobalSection(SolutionConfigurationPlatforms) = preSolution
		Debug|Any CPU = Debug|Any CPU
		Release|Any CPU = Release|Any CPU
	EndGlobalSection
	GlobalSection(ProjectConfigurationPlatforms) = postSolution
		{7A00544E-E790-4F81-B84B-2E7A106BA2C2}.Debug|Any CPU.ActiveCfg = Debug|Any CPU
		{7A00544E-E790-4F81-B84B-2E7A106BA2C2}.Debug|Any CPU.Build.0 = Debug|Any CPU
		{7A00544E-E790-4F81-B84B-2E7A106BA2C2}.Release|Any CPU.ActiveCfg = Release|Any CPU
		{7A00544E-E790-4F81-B84B-2E7A106BA2C2}.Release|Any CPU.Build.0 = Release|Any CPU
	EndGlobalSection
	GlobalSection(SolutionProperties) = preSolution
		HideSolutionNode = FALSE
	EndGlobalSection
	GlobalSection(ExtensibilityGlobals) = postSolution
		SolutionGuid = {CD849607-D5FF-46F1-9E7A-9E73E27B8213}
	EndGlobalSection
EndGlobal
